
Microsoft Visual Studio Solution File, Format Version 12.00
# Visual Studio 14
VisualStudioVersion = 14.0.25420.1
MinimumVisualStudioVersion = 10.0.40219.1
Project("{159641D6-6404-4A2A-AE62-294DE0FE8301}") = "WWI-SSIS", "WWI-SSIS\WWI-SSIS.dtproj", "{AF3993E6-4CDF-4CA2-932C-BEE1B83532B8}"
EndProject
Global
	GlobalSection(SolutionConfigurationPlatforms) = preSolution
		Development|Default = Development|Default
	EndGlobalSection
	GlobalSection(ProjectConfigurationPlatforms) = postSolution
		{AF3993E6-4CDF-4CA2-932C-BEE1B83532B8}.Development|Default.ActiveCfg = Development
		{AF3993E6-4CDF-4CA2-932C-BEE1B83532B8}.Development|Default.Build.0 = Development
	EndGlobalSection
	GlobalSection(SolutionProperties) = preSolution
		HideSolutionNode = FALSE
	EndGlobalSection
EndGlobal
