
Microsoft Visual Studio Solution File, Format Version 12.00
# Visual Studio 14
VisualStudioVersion = 14.0.25420.1
MinimumVisualStudioVersion = 10.0.40219.1
Project("{D2ABAB84-BF74-430A-B69E-9DC6D40DDA17}") = "WideWorldImportersMultidimensionalCube", "wwi-ssasmd\WideWorldImportersMultidimensionalCube.dwproj", "{9A7C1971-1B25-4F3A-B4E3-844B34A1238A}"
EndProject
Global
	GlobalSection(SolutionConfigurationPlatforms) = preSolution
		Development|Default = Development|Default
	EndGlobalSection
	GlobalSection(ProjectConfigurationPlatforms) = postSolution
		{9A7C1971-1B25-4F3A-B4E3-844B34A1238A}.Development|Default.ActiveCfg = Development
		{9A7C1971-1B25-4F3A-B4E3-844B34A1238A}.Development|Default.Build.0 = Development
		{9A7C1971-1B25-4F3A-B4E3-844B34A1238A}.Development|Default.Deploy.0 = Development
	EndGlobalSection
	GlobalSection(SolutionProperties) = preSolution
		HideSolutionNode = FALSE
	EndGlobalSection
EndGlobal
