
Microsoft Visual Studio Solution File, Format Version 10.00
# Visual Studio 2008
Project("{F14B399A-7131-4C87-9E4B-1186C45EF12D}") = "PolicyReports", "PolicyReports.rptproj", "{E0F65769-8BEA-4BFD-B715-44519AF1CF80}"
EndProject
Global
	GlobalSection(SolutionConfigurationPlatforms) = preSolution
		Debug|Default = Debug|Default
		DebugLocal|Default = DebugLocal|Default
		Release|Default = Release|Default
	EndGlobalSection
	GlobalSection(ProjectConfigurationPlatforms) = postSolution
		{E0F65769-8BEA-4BFD-B715-44519AF1CF80}.Debug|Default.ActiveCfg = Debug
		{E0F65769-8BEA-4BFD-B715-44519AF1CF80}.Debug|Default.Build.0 = DebugLocal
		{E0F65769-8BEA-4BFD-B715-44519AF1CF80}.Debug|Default.Deploy.0 = DebugLocal
		{E0F65769-8BEA-4BFD-B715-44519AF1CF80}.DebugLocal|Default.ActiveCfg = DebugLocal
		{E0F65769-8BEA-4BFD-B715-44519AF1CF80}.DebugLocal|Default.Build.0 = DebugLocal
		{E0F65769-8BEA-4BFD-B715-44519AF1CF80}.DebugLocal|Default.Deploy.0 = DebugLocal
		{E0F65769-8BEA-4BFD-B715-44519AF1CF80}.Release|Default.ActiveCfg = Release
		{E0F65769-8BEA-4BFD-B715-44519AF1CF80}.Release|Default.Build.0 = Release
		{E0F65769-8BEA-4BFD-B715-44519AF1CF80}.Release|Default.Deploy.0 = Release
	EndGlobalSection
	GlobalSection(SolutionProperties) = preSolution
		HideSolutionNode = FALSE
	EndGlobalSection
EndGlobal
